
Microsoft Visual Studio Solution File, Format Version 12.00
# Visual Studio 14
VisualStudioVersion = 14.0.23107.0
MinimumVisualStudioVersion = 10.0.40219.1
Project("{FAE04EC0-301F-11D3-BF4B-00C04F79EFBC}") = "Webstore", "Webstore\Webstore.csproj", "{8C6F0DED-AA10-4F51-B3A5-54170E34535C}"
EndProject
Project("{FAE04EC0-301F-11D3-BF4B-00C04F79EFBC}") = "Webstore.Tests", "Webstore.Tests\Webstore.Tests.csproj", "{0515E143-3251-4BC1-8D6C-A8CCE84E6AE1}"
EndProject
Global
	GlobalSection(SolutionConfigurationPlatforms) = preSolution
		Debug|Any CPU = Debug|Any CPU
		Release|Any CPU = Release|Any CPU
	EndGlobalSection
	GlobalSection(ProjectConfigurationPlatforms) = postSolution
		{8C6F0DED-AA10-4F51-B3A5-54170E34535C}.Debug|Any CPU.ActiveCfg = Debug|Any CPU
		{8C6F0DED-AA10-4F51-B3A5-54170E34535C}.Debug|Any CPU.Build.0 = Debug|Any CPU
		{8C6F0DED-AA10-4F51-B3A5-54170E34535C}.Release|Any CPU.ActiveCfg = Release|Any CPU
		{8C6F0DED-AA10-4F51-B3A5-54170E34535C}.Release|Any CPU.Build.0 = Release|Any CPU
		{0515E143-3251-4BC1-8D6C-A8CCE84E6AE1}.Debug|Any CPU.ActiveCfg = Debug|Any CPU
		{0515E143-3251-4BC1-8D6C-A8CCE84E6AE1}.Debug|Any CPU.Build.0 = Debug|Any CPU
		{0515E143-3251-4BC1-8D6C-A8CCE84E6AE1}.Release|Any CPU.ActiveCfg = Release|Any CPU
		{0515E143-3251-4BC1-8D6C-A8CCE84E6AE1}.Release|Any CPU.Build.0 = Release|Any CPU
	EndGlobalSection
	GlobalSection(SolutionProperties) = preSolution
		HideSolutionNode = FALSE
	EndGlobalSection
EndGlobal
